PODS:
  - IQUtility (1.0.1)
  - SwiftLint (0.42.0)

DEPENDENCIES:
  - IQUtility (from `.`)
  - SwiftLint

SPEC REPOS:
  trunk:
    - SwiftLint

EXTERNAL SOURCES:
  IQUtility:
    :path: "."

SPEC CHECKSUMS:
  IQUtility: 4a4be1417625feb8dc31a4798a98d0e62f7915d3
  SwiftLint: 4fa9579c63416865179bc416f0a92d55f009600d

PODFILE CHECKSUM: 0cc57986af504cf2524d7aaacddb104a9da8557d

COCOAPODS: 1.12.1
