PODS:
  - IQUtility (1.0.0)
  - SwiftLint (0.42.0)

DEPENDENCIES:
  - IQUtility (from `.`)
  - SwiftLint

SPEC REPOS:
  trunk:
    - SwiftLint

EXTERNAL SOURCES:
  IQUtility:
    :path: "."

SPEC CHECKSUMS:
  IQUtility: 51d905968c16e08232684bbc8db5f903523f3e8e
  SwiftLint: 4fa9579c63416865179bc416f0a92d55f009600d

PODFILE CHECKSUM: fd3f28149250948398de663e9c30fa56d7a964b9

COCOAPODS: 1.10.0
