// !$*UTF8*$!
{
	archiveVersion = 1;
	classes = {
	};
	objectVersion = 51;
	objects = {

/* Begin PBXBuildFile section */
		9577D43332BA68093CC27E56 /* Pods_Utility_Demo.framework in Frameworks */ = {isa = PBXBuildFile; fileRef = A45451A3BACF41E98FEF31AB /* Pods_Utility_Demo.framework */; };
		C0BFAB7D25D663D30054F433 /* AppDelegate.swift in Sources */ = {isa = PBXBuildFile; fileRef = C0BFAB7C25D663D30054F433 /* AppDelegate.swift */; };
		C0BFAB7F25D663D30054F433 /* SceneDelegate.swift in Sources */ = {isa = PBXBuildFile; fileRef = C0BFAB7E25D663D30054F433 /* SceneDelegate.swift */; };
		C0BFAB8125D663D30054F433 /* ViewController.swift in Sources */ = {isa = PBXBuildFile; fileRef = C0BFAB8025D663D30054F433 /* ViewController.swift */; };
		C0BFAB8425D663D30054F433 /* Main.storyboard in Resources */ = {isa = PBXBuildFile; fileRef = C0BFAB8225D663D30054F433 /* Main.storyboard */; };
		C0BFAB8625D663D30054F433 /* Assets.xcassets in Resources */ = {isa = PBXBuildFile; fileRef = C0BFAB8525D663D30054F433 /* Assets.xcassets */; };
		C0BFAB8925D663D30054F433 /* LaunchScreen.storyboard in Resources */ = {isa = PBXBuildFile; fileRef = C0BFAB8725D663D30054F433 /* LaunchScreen.storyboard */; };
/* End PBXBuildFile section */

/* Begin PBXFileReference section */
		4890CD2F4D65A09E0F002C04 /* Pods-Utility Demo.debug.xcconfig */ = {isa = PBXFileReference; includeInIndex = 1; lastKnownFileType = text.xcconfig; name = "Pods-Utility Demo.debug.xcconfig"; path = "Target Support Files/Pods-Utility Demo/Pods-Utility Demo.debug.xcconfig"; sourceTree = "<group>"; };
		A45451A3BACF41E98FEF31AB /* Pods_Utility_Demo.framework */ = {isa = PBXFileReference; explicitFileType = wrapper.framework; includeInIndex = 0; path = Pods_Utility_Demo.framework; sourceTree = BUILT_PRODUCTS_DIR; };
		C0BFAB7925D663D30054F433 /* Utility Demo.app */ = {isa = PBXFileReference; explicitFileType = wrapper.application; includeInIndex = 0; path = "Utility Demo.app"; sourceTree = BUILT_PRODUCTS_DIR; };
		C0BFAB7C25D663D30054F433 /* AppDelegate.swift */ = {isa = PBXFileReference; lastKnownFileType = sourcecode.swift; path = AppDelegate.swift; sourceTree = "<group>"; };
		C0BFAB7E25D663D30054F433 /* SceneDelegate.swift */ = {isa = PBXFileReference; lastKnownFileType = sourcecode.swift; path = SceneDelegate.swift; sourceTree = "<group>"; };
		C0BFAB8025D663D30054F433 /* ViewController.swift */ = {isa = PBXFileReference; lastKnownFileType = sourcecode.swift; path = ViewController.swift; sourceTree = "<group>"; };
		C0BFAB8325D663D30054F433 /* Base */ = {isa = PBXFileReference; lastKnownFileType = file.storyboard; name = Base; path = Base.lproj/Main.storyboard; sourceTree = "<group>"; };
		C0BFAB8525D663D30054F433 /* Assets.xcassets */ = {isa = PBXFileReference; lastKnownFileType = folder.assetcatalog; path = Assets.xcassets; sourceTree = "<group>"; };
		C0BFAB8825D663D30054F433 /* Base */ = {isa = PBXFileReference; lastKnownFileType = file.storyboard; name = Base; path = Base.lproj/LaunchScreen.storyboard; sourceTree = "<group>"; };
		C0BFAB8A25D663D30054F433 /* Info.plist */ = {isa = PBXFileReference; lastKnownFileType = text.plist.xml; path = Info.plist; sourceTree = "<group>"; };
		FE4A957EAD75A21FA209183C /* Pods-Utility Demo.release.xcconfig */ = {isa = PBXFileReference; includeInIndex = 1; lastKnownFileType = text.xcconfig; name = "Pods-Utility Demo.release.xcconfig"; path = "Target Support Files/Pods-Utility Demo/Pods-Utility Demo.release.xcconfig"; sourceTree = "<group>"; };
/* End PBXFileReference section */

/* Begin PBXFrameworksBuildPhase section */
		C0BFAB7625D663D30054F433 /* Frameworks */ = {
			isa = PBXFrameworksBuildPhase;
			buildActionMask = 2147483647;
			files = (
				9577D43332BA68093CC27E56 /* Pods_Utility_Demo.framework in Frameworks */,
			);
			runOnlyForDeploymentPostprocessing = 0;
		};
/* End PBXFrameworksBuildPhase section */

/* Begin PBXGroup section */
		8E8E62E1A1E8A28330A6A046 /* Frameworks */ = {
			isa = PBXGroup;
			children = (
				A45451A3BACF41E98FEF31AB /* Pods_Utility_Demo.framework */,
			);
			name = Frameworks;
			sourceTree = "<group>";
		};
		C0BFAB7025D663D30054F433 = {
			isa = PBXGroup;
			children = (
				C0BFAB7B25D663D30054F433 /* Utility Demo */,
				C0BFAB7A25D663D30054F433 /* Products */,
				C7DEF3B97B0F3D8FB1EF50B7 /* Pods */,
				8E8E62E1A1E8A28330A6A046 /* Frameworks */,
			);
			sourceTree = "<group>";
		};
		C0BFAB7A25D663D30054F433 /* Products */ = {
			isa = PBXGroup;
			children = (
				C0BFAB7925D663D30054F433 /* Utility Demo.app */,
			);
			name = Products;
			sourceTree = "<group>";
		};
		C0BFAB7B25D663D30054F433 /* Utility Demo */ = {
			isa = PBXGroup;
			children = (
				C0BFAB7C25D663D30054F433 /* AppDelegate.swift */,
				C0BFAB7E25D663D30054F433 /* SceneDelegate.swift */,
				C0BFAB8025D663D30054F433 /* ViewController.swift */,
				C0BFAB8225D663D30054F433 /* Main.storyboard */,
				C0BFAB8525D663D30054F433 /* Assets.xcassets */,
				C0BFAB8725D663D30054F433 /* LaunchScreen.storyboard */,
				C0BFAB8A25D663D30054F433 /* Info.plist */,
			);
			path = "Utility Demo";
			sourceTree = "<group>";
		};
		C7DEF3B97B0F3D8FB1EF50B7 /* Pods */ = {
			isa = PBXGroup;
			children = (
				4890CD2F4D65A09E0F002C04 /* Pods-Utility Demo.debug.xcconfig */,
				FE4A957EAD75A21FA209183C /* Pods-Utility Demo.release.xcconfig */,
			);
			path = Pods;
			sourceTree = "<group>";
		};
/* End PBXGroup section */

/* Begin PBXNativeTarget section */
		C0BFAB7825D663D30054F433 /* Utility Demo */ = {
			isa = PBXNativeTarget;
			buildConfigurationList = C0BFAB8D25D663D30054F433 /* Build configuration list for PBXNativeTarget "Utility Demo" */;
			buildPhases = (
				D1D2708276EBFA21B17AB4DE /* [CP] Check Pods Manifest.lock */,
				C0BFAB7525D663D30054F433 /* Sources */,
				C0D3F54C25DBEAD700861C47 /* ShellScript */,
				C0BFAB7625D663D30054F433 /* Frameworks */,
				C0BFAB7725D663D30054F433 /* Resources */,
				935D47CCA8745E664209C027 /* [CP] Embed Pods Frameworks */,
			);
			buildRules = (
			);
			dependencies = (
			);
			name = "Utility Demo";
			productName = "Utility Demo";
			productReference = C0BFAB7925D663D30054F433 /* Utility Demo.app */;
			productType = "com.apple.product-type.application";
		};
/* End PBXNativeTarget section */

/* Begin PBXProject section */
		C0BFAB7125D663D30054F433 /* Project object */ = {
			isa = PBXProject;
			attributes = {
				LastSwiftUpdateCheck = 1220;
				LastUpgradeCheck = 1220;
				TargetAttributes = {
					C0BFAB7825D663D30054F433 = {
						CreatedOnToolsVersion = 12.2;
					};
				};
			};
			buildConfigurationList = C0BFAB7425D663D30054F433 /* Build configuration list for PBXProject "Utility Demo" */;
			compatibilityVersion = "Xcode 9.3";
			developmentRegion = en;
			hasScannedForEncodings = 0;
			knownRegions = (
				en,
				Base,
			);
			mainGroup = C0BFAB7025D663D30054F433;
			productRefGroup = C0BFAB7A25D663D30054F433 /* Products */;
			projectDirPath = "";
			projectRoot = "";
			targets = (
				C0BFAB7825D663D30054F433 /* Utility Demo */,
			);
		};
/* End PBXProject section */

/* Begin PBXResourcesBuildPhase section */
		C0BFAB7725D663D30054F433 /* Resources */ = {
			isa = PBXResourcesBuildPhase;
			buildActionMask = 2147483647;
			files = (
				C0BFAB8925D663D30054F433 /* LaunchScreen.storyboard in Resources */,
				C0BFAB8625D663D30054F433 /* Assets.xcassets in Resources */,
				C0BFAB8425D663D30054F433 /* Main.storyboard in Resources */,
			);
			runOnlyForDeploymentPostprocessing = 0;
		};
/* End PBXResourcesBuildPhase section */

/* Begin PBXShellScriptBuildPhase section */
		935D47CCA8745E664209C027 /* [CP] Embed Pods Frameworks */ = {
			isa = PBXShellScriptBuildPhase;
			buildActionMask = 2147483647;
			files = (
			);
			inputFileListPaths = (
				"${PODS_ROOT}/Target Support Files/Pods-Utility Demo/Pods-Utility Demo-frameworks-${CONFIGURATION}-input-files.xcfilelist",
			);
			name = "[CP] Embed Pods Frameworks";
			outputFileListPaths = (
				"${PODS_ROOT}/Target Support Files/Pods-Utility Demo/Pods-Utility Demo-frameworks-${CONFIGURATION}-output-files.xcfilelist",
			);
			runOnlyForDeploymentPostprocessing = 0;
			shellPath = /bin/sh;
			shellScript = "\"${PODS_ROOT}/Target Support Files/Pods-Utility Demo/Pods-Utility Demo-frameworks.sh\"\n";
			showEnvVarsInLog = 0;
		};
		C0D3F54C25DBEAD700861C47 /* ShellScript */ = {
			isa = PBXShellScriptBuildPhase;
			buildActionMask = 2147483647;
			files = (
			);
			inputFileListPaths = (
			);
			inputPaths = (
			);
			outputFileListPaths = (
			);
			outputPaths = (
			);
			runOnlyForDeploymentPostprocessing = 0;
			shellPath = /bin/sh;
			shellScript = "\"${PODS_ROOT}/SwiftLint/swiftlint\"\n";
		};
		D1D2708276EBFA21B17AB4DE /* [CP] Check Pods Manifest.lock */ = {
			isa = PBXShellScriptBuildPhase;
			buildActionMask = 2147483647;
			files = (
			);
			inputFileListPaths = (
			);
			inputPaths = (
				"${PODS_PODFILE_DIR_PATH}/Podfile.lock",
				"${PODS_ROOT}/Manifest.lock",
			);
			name = "[CP] Check Pods Manifest.lock";
			outputFileListPaths = (
			);
			outputPaths = (
				"$(DERIVED_FILE_DIR)/Pods-Utility Demo-checkManifestLockResult.txt",
			);
			runOnlyForDeploymentPostprocessing = 0;
			shellPath = /bin/sh;
			shellScript = "diff \"${PODS_PODFILE_DIR_PATH}/Podfile.lock\" \"${PODS_ROOT}/Manifest.lock\" > /dev/null\nif [ $? != 0 ] ; then\n    # print error to STDERR\n    echo \"error: The sandbox is not in sync with the Podfile.lock. Run 'pod install' or update your CocoaPods installation.\" >&2\n    exit 1\nfi\n# This output is used by Xcode 'outputs' to avoid re-running this script phase.\necho \"SUCCESS\" > \"${SCRIPT_OUTPUT_FILE_0}\"\n";
			showEnvVarsInLog = 0;
		};
/* End PBXShellScriptBuildPhase section */

/* Begin PBXSourcesBuildPhase section */
		C0BFAB7525D663D30054F433 /* Sources */ = {
			isa = PBXSourcesBuildPhase;
			buildActionMask = 2147483647;
			files = (
				C0BFAB8125D663D30054F433 /* ViewController.swift in Sources */,
				C0BFAB7D25D663D30054F433 /* AppDelegate.swift in Sources */,
				C0BFAB7F25D663D30054F433 /* SceneDelegate.swift in Sources */,
			);
			runOnlyForDeploymentPostprocessing = 0;
		};
/* End PBXSourcesBuildPhase section */

/* Begin PBXVariantGroup section */
		C0BFAB8225D663D30054F433 /* Main.storyboard */ = {
			isa = PBXVariantGroup;
			children = (
				C0BFAB8325D663D30054F433 /* Base */,
			);
			name = Main.storyboard;
			sourceTree = "<group>";
		};
		C0BFAB8725D663D30054F433 /* LaunchScreen.storyboard */ = {
			isa = PBXVariantGroup;
			children = (
				C0BFAB8825D663D30054F433 /* Base */,
			);
			name = LaunchScreen.storyboard;
			sourceTree = "<group>";
		};
/* End PBXVariantGroup section */

/* Begin XCBuildConfiguration section */
		C0BFAB8B25D663D30054F433 /* Debug */ = {
			isa = XCBuildConfiguration;
			buildSettings = {
				ALWAYS_SEARCH_USER_PATHS = NO;
				CLANG_ANALYZER_NONNULL = YES;
				CLANG_ANALYZER_NUMBER_OBJECT_CONVERSION = YES_AGGRESSIVE;
				CLANG_CXX_LANGUAGE_STANDARD = "gnu++14";
				CLANG_CXX_LIBRARY = "libc++";
				CLANG_ENABLE_MODULES = YES;
				CLANG_ENABLE_OBJC_ARC = YES;
				CLANG_ENABLE_OBJC_WEAK = YES;
				CLANG_WARN_BLOCK_CAPTURE_AUTORELEASING = YES;
				CLANG_WARN_BOOL_CONVERSION = YES;
				CLANG_WARN_COMMA = YES;
				CLANG_WARN_CONSTANT_CONVERSION = YES;
				CLANG_WARN_DEPRECATED_OBJC_IMPLEMENTATIONS = YES;
				CLANG_WARN_DIRECT_OBJC_ISA_USAGE = YES_ERROR;
				CLANG_WARN_DOCUMENTATION_COMMENTS = YES;
				CLANG_WARN_EMPTY_BODY = YES;
				CLANG_WARN_ENUM_CONVERSION = YES;
				CLANG_WARN_INFINITE_RECURSION = YES;
				CLANG_WARN_INT_CONVERSION = YES;
				CLANG_WARN_NON_LITERAL_NULL_CONVERSION = YES;
				CLANG_WARN_OBJC_IMPLICIT_RETAIN_SELF = YES;
				CLANG_WARN_OBJC_LITERAL_CONVERSION = YES;
				CLANG_WARN_OBJC_ROOT_CLASS = YES_ERROR;
				CLANG_WARN_QUOTED_INCLUDE_IN_FRAMEWORK_HEADER = YES;
				CLANG_WARN_RANGE_LOOP_ANALYSIS = YES;
				CLANG_WARN_STRICT_PROTOTYPES = YES;
				CLANG_WARN_SUSPICIOUS_MOVE = YES;
				CLANG_WARN_UNGUARDED_AVAILABILITY = YES_AGGRESSIVE;
				CLANG_WARN_UNREACHABLE_CODE = YES;
				CLANG_WARN__DUPLICATE_METHOD_MATCH = YES;
				COPY_PHASE_STRIP = NO;
				DEBUG_INFORMATION_FORMAT = dwarf;
				ENABLE_STRICT_OBJC_MSGSEND = YES;
				ENABLE_TESTABILITY = YES;
				GCC_C_LANGUAGE_STANDARD = gnu11;
				GCC_DYNAMIC_NO_PIC = NO;
				GCC_NO_COMMON_BLOCKS = YES;
				GCC_OPTIMIZATION_LEVEL = 0;
				GCC_PREPROCESSOR_DEFINITIONS = (
					"DEBUG=1",
					"$(inherited)",
				);
				GCC_WARN_64_TO_32_BIT_CONVERSION = YES;
				GCC_WARN_ABOUT_RETURN_TYPE = YES_ERROR;
				GCC_WARN_UNDECLARED_SELECTOR = YES;
				GCC_WARN_UNINITIALIZED_AUTOS = YES_AGGRESSIVE;
				GCC_WARN_UNUSED_FUNCTION = YES;
				GCC_WARN_UNUSED_VARIABLE = YES;
				IPHONEOS_DEPLOYMENT_TARGET = 14.4;
				MTL_ENABLE_DEBUG_INFO = INCLUDE_SOURCE;
				MTL_FAST_MATH = YES;
				ONLY_ACTIVE_ARCH = YES;
				SDKROOT = iphoneos;
				SWIFT_ACTIVE_COMPILATION_CONDITIONS = DEBUG;
				SWIFT_OPTIMIZATION_LEVEL = "-Onone";
			};
			name = Debug;
		};
		C0BFAB8C25D663D30054F433 /* Release */ = {
			isa = XCBuildConfiguration;
			buildSettings = {
				ALWAYS_SEARCH_USER_PATHS = NO;
				CLANG_ANALYZER_NONNULL = YES;
				CLANG_ANALYZER_NUMBER_OBJECT_CONVERSION = YES_AGGRESSIVE;
				CLANG_CXX_LANGUAGE_STANDARD = "gnu++14";
				CLANG_CXX_LIBRARY = "libc++";
				CLANG_ENABLE_MODULES = YES;
				CLANG_ENABLE_OBJC_ARC = YES;
				CLANG_ENABLE_OBJC_WEAK = YES;
				CLANG_WARN_BLOCK_CAPTURE_AUTORELEASING = YES;
				CLANG_WARN_BOOL_CONVERSION = YES;
				CLANG_WARN_COMMA = YES;
				CLANG_WARN_CONSTANT_CONVERSION = YES;
				CLANG_WARN_DEPRECATED_OBJC_IMPLEMENTATIONS = YES;
				CLANG_WARN_DIRECT_OBJC_ISA_USAGE = YES_ERROR;
				CLANG_WARN_DOCUMENTATION_COMMENTS = YES;
				CLANG_WARN_EMPTY_BODY = YES;
				CLANG_WARN_ENUM_CONVERSION = YES;
				CLANG_WARN_INFINITE_RECURSION = YES;
				CLANG_WARN_INT_CONVERSION = YES;
				CLANG_WARN_NON_LITERAL_NULL_CONVERSION = YES;
				CLANG_WARN_OBJC_IMPLICIT_RETAIN_SELF = YES;
				CLANG_WARN_OBJC_LITERAL_CONVERSION = YES;
				CLANG_WARN_OBJC_ROOT_CLASS = YES_ERROR;
				CLANG_WARN_QUOTED_INCLUDE_IN_FRAMEWORK_HEADER = YES;
				CLANG_WARN_RANGE_LOOP_ANALYSIS = YES;
				CLANG_WARN_STRICT_PROTOTYPES = YES;
				CLANG_WARN_SUSPICIOUS_MOVE = YES;
				CLANG_WARN_UNGUARDED_AVAILABILITY = YES_AGGRESSIVE;
				CLANG_WARN_UNREACHABLE_CODE = YES;
				CLANG_WARN__DUPLICATE_METHOD_MATCH = YES;
				COPY_PHASE_STRIP = NO;
				DEBUG_INFORMATION_FORMAT = "dwarf-with-dsym";
				ENABLE_NS_ASSERTIONS = NO;
				ENABLE_STRICT_OBJC_MSGSEND = YES;
				GCC_C_LANGUAGE_STANDARD = gnu11;
				GCC_NO_COMMON_BLOCKS = YES;
				GCC_WARN_64_TO_32_BIT_CONVERSION = YES;
				GCC_WARN_ABOUT_RETURN_TYPE = YES_ERROR;
				GCC_WARN_UNDECLARED_SELECTOR = YES;
				GCC_WARN_UNINITIALIZED_AUTOS = YES_AGGRESSIVE;
				GCC_WARN_UNUSED_FUNCTION = YES;
				GCC_WARN_UNUSED_VARIABLE = YES;
				IPHONEOS_DEPLOYMENT_TARGET = 14.4;
				MTL_ENABLE_DEBUG_INFO = NO;
				MTL_FAST_MATH = YES;
				SDKROOT = iphoneos;
				SWIFT_COMPILATION_MODE = wholemodule;
				SWIFT_OPTIMIZATION_LEVEL = "-O";
				VALIDATE_PRODUCT = YES;
			};
			name = Release;
		};
		C0BFAB8E25D663D30054F433 /* Debug */ = {
			isa = XCBuildConfiguration;
			baseConfigurationReference = 4890CD2F4D65A09E0F002C04 /* Pods-Utility Demo.debug.xcconfig */;
			buildSettings = {
				ASSETCATALOG_COMPILER_APPICON_NAME = AppIcon;
				ASSETCATALOG_COMPILER_GLOBAL_ACCENT_COLOR_NAME = AccentColor;
				CLANG_MODULES_AUTOLINK = NO;
				CODE_SIGN_STYLE = Automatic;
				INFOPLIST_FILE = "Utility Demo/Info.plist";
				IPHONEOS_DEPLOYMENT_TARGET = 9.0;
				LD_RUNPATH_SEARCH_PATHS = (
					"$(inherited)",
					"@executable_path/Frameworks",
				);
				PRODUCT_BUNDLE_IDENTIFIER = "com.iftekhar.utility.Utility-Demo";
				PRODUCT_NAME = "$(TARGET_NAME)";
				SWIFT_VERSION = 5.0;
				TARGETED_DEVICE_FAMILY = "1,2";
			};
			name = Debug;
		};
		C0BFAB8F25D663D30054F433 /* Release */ = {
			isa = XCBuildConfiguration;
			baseConfigurationReference = FE4A957EAD75A21FA209183C /* Pods-Utility Demo.release.xcconfig */;
			buildSettings = {
				ASSETCATALOG_COMPILER_APPICON_NAME = AppIcon;
				ASSETCATALOG_COMPILER_GLOBAL_ACCENT_COLOR_NAME = AccentColor;
				CLANG_MODULES_AUTOLINK = NO;
				CODE_SIGN_STYLE = Automatic;
				INFOPLIST_FILE = "Utility Demo/Info.plist";
				IPHONEOS_DEPLOYMENT_TARGET = 9.0;
				LD_RUNPATH_SEARCH_PATHS = (
					"$(inherited)",
					"@executable_path/Frameworks",
				);
				PRODUCT_BUNDLE_IDENTIFIER = "com.iftekhar.utility.Utility-Demo";
				PRODUCT_NAME = "$(TARGET_NAME)";
				SWIFT_VERSION = 5.0;
				TARGETED_DEVICE_FAMILY = "1,2";
			};
			name = Release;
		};
/* End XCBuildConfiguration section */

/* Begin XCConfigurationList section */
		C0BFAB7425D663D30054F433 /* Build configuration list for PBXProject "Utility Demo" */ = {
			isa = XCConfigurationList;
			buildConfigurations = (
				C0BFAB8B25D663D30054F433 /* Debug */,
				C0BFAB8C25D663D30054F433 /* Release */,
			);
			defaultConfigurationIsVisible = 0;
			defaultConfigurationName = Release;
		};
		C0BFAB8D25D663D30054F433 /* Build configuration list for PBXNativeTarget "Utility Demo" */ = {
			isa = XCConfigurationList;
			buildConfigurations = (
				C0BFAB8E25D663D30054F433 /* Debug */,
				C0BFAB8F25D663D30054F433 /* Release */,
			);
			defaultConfigurationIsVisible = 0;
			defaultConfigurationName = Release;
		};
/* End XCConfigurationList section */
	};
	rootObject = C0BFAB7125D663D30054F433 /* Project object */;
}
